{
  "name": "smart-ecommerce",
  "version": "1.0.0",
  "lockfileVersion": 3,
  "requires": true,
  "packages": {
    "": {
      "name": "smart-ecommerce",
      "version": "1.0.0",
      "license": "MIT",
      "dependencies": {
        "@azure/msal-browser": "^2.x",
        "@azure/msal-react": "^1.x",
        "@microsoft/applicationinsights-web": "^2.x",
        "react": "^18.x",
        "react-dom": "^18.x",
        "react-router-dom": "^6.x",
        "typescript": "^4.x"
      },
      "devDependencies": {
        "@types/node": "^22.13.14"
      }
    },
    "node_modules/@azure/msal-browser": {
      "version": "2.39.0",
      "resolved": "https://registry.npmjs.org/@azure/msal-browser/-/msal-browser-2.39.0.tgz",
      "integrity": "sha512-kks/n2AJzKUk+DBqZhiD+7zeQGBl+WpSOQYzWy6hff3bU0ZrYFqr4keFLlzB5VKuKZog0X59/FGHb1RPBDZLVg==",
      "license": "MIT",
      "dependencies": {
        "@azure/msal-common": "13.3.3"
      },
      "engines": {
        "node": ">=0.8.0"
      }
    },
    "node_modules/@azure/msal-common": {
      "version": "13.3.3",
      "resolved": "https://registry.npmjs.org/@azure/msal-common/-/msal-common-13.3.3.tgz",
      "integrity": "sha512-n278DdCXKeiWhLwhEL7/u9HRMyzhUXLefeajiknf6AmEedoiOiv2r5aRJ7LXdT3NGPyubkdIbthaJlVtmuEqvA==",
      "license": "MIT",
      "engines": {
        "node": ">=0.8.0"
      }
    },
    "node_modules/@azure/msal-react": {
      "version": "1.5.13",
      "resolved": "https://registry.npmjs.org/@azure/msal-react/-/msal-react-1.5.13.tgz",
      "integrity": "sha512-rv3q7hwZS5VQs5AXgdoXwrPnCc0/xs3YmWNxhyCFw7JWZ3Nq0hV1JJSvWXZgXQIINOV7hCky3lYaRgHYT9qyKw==",
      "license": "MIT",
      "engines": {
        "node": ">=10"
      },
      "peerDependencies": {
        "@azure/msal-browser": "^2.38.4",
        "react": "^16.8.0 || ^17 || ^18"
      }
    },
    "node_modules/@microsoft/applicationinsights-analytics-js": {
      "version": "2.8.18",
      "resolved": "https://registry.npmjs.org/@microsoft/applicationinsights-analytics-js/-/applicationinsights-analytics-js-2.8.18.tgz",
      "integrity": "sha512-YfuUyTBx8HNGgIwg8N01iwsIO6LaqApNwGXw5YunAw+hqYR6jRmYlseQGTPFvKtq1ebEPJiwK0LjIQw/fOcxHQ==",
      "license": "MIT",
      "dependencies": {
        "@microsoft/applicationinsights-common": "2.8.18",
        "@microsoft/applicationinsights-core-js": "2.8.18",
        "@microsoft/applicationinsights-shims": "2.0.2",
        "@microsoft/dynamicproto-js": "^1.1.11"
      },
      "peerDependencies": {
        "tslib": "*"
      }
    },
    "node_modules/@microsoft/applicationinsights-channel-js": {
      "version": "2.8.18",
      "resolved": "https://registry.npmjs.org/@microsoft/applicationinsights-channel-js/-/applicationinsights-channel-js-2.8.18.tgz",
      "integrity": "sha512-KNYk8qeci8AcWKZUqgCElEr1Ef5G+iudq1mN57Sc/8hUONNp2fTfWh1Cm+RUTRIEWAC29uUWGyLhSqiTF3ox1w==",
      "license": "MIT",
      "dependencies": {
        "@microsoft/applicationinsights-common": "2.8.18",
        "@microsoft/applicationinsights-core-js": "2.8.18",
        "@microsoft/applicationinsights-shims": "2.0.2",
        "@microsoft/dynamicproto-js": "^1.1.11"
      },
      "peerDependencies": {
        "tslib": "*"
      }
    },
    "node_modules/@microsoft/applicationinsights-common": {
      "version": "2.8.18",
      "resolved": "https://registry.npmjs.org/@microsoft/applicationinsights-common/-/applicationinsights-common-2.8.18.tgz",
      "integrity": "sha512-/PBRmRL6rFCoO3vWpIEHuFnu+TinEYRKWOj+I+XVUH5myZpv+nYvaRdwryVTkmCYxLyL9kxtNn7hQx8DBlhdSw==",
      "license": "MIT",
      "dependencies": {
        "@microsoft/applicationinsights-core-js": "2.8.18",
        "@microsoft/applicationinsights-shims": "2.0.2",
        "@microsoft/dynamicproto-js": "^1.1.11"
      },
      "peerDependencies": {
        "tslib": "*"
      }
    },
    "node_modules/@microsoft/applicationinsights-core-js": {
      "version": "2.8.18",
      "resolved": "https://registry.npmjs.org/@microsoft/applicationinsights-core-js/-/applicationinsights-core-js-2.8.18.tgz",
      "integrity": "sha512-yPHRZFLpnEO0uSgFPM1BLMRRwjoten9YBbn4pJRbCT4PigLnj748knmWsMwXIdcehtkRTYz78kPYa/LWP7nvmA==",
      "license": "MIT",
      "dependencies": {
        "@microsoft/applicationinsights-shims": "2.0.2",
        "@microsoft/dynamicproto-js": "^1.1.11"
      },
      "peerDependencies": {
        "tslib": "*"
      }
    },
    "node_modules/@microsoft/applicationinsights-dependencies-js": {
      "version": "2.8.18",
      "resolved": "https://registry.npmjs.org/@microsoft/applicationinsights-dependencies-js/-/applicationinsights-dependencies-js-2.8.18.tgz",
      "integrity": "sha512-XW3m1DEXo2CkTUEeBzXGjoMjud6b1Y1J6W1Nz0RJ3IMC5ptbSOeen5rRDSzcBEUZN75vWvbGmhxVuQTXnnIu2g==",
      "license": "MIT",
      "dependencies": {
        "@microsoft/applicationinsights-common": "2.8.18",
        "@microsoft/applicationinsights-core-js": "2.8.18",
        "@microsoft/applicationinsights-shims": "2.0.2",
        "@microsoft/dynamicproto-js": "^1.1.11"
      },
      "peerDependencies": {
        "tslib": "*"
      }
    },
    "node_modules/@microsoft/applicationinsights-properties-js": {
      "version": "2.8.18",
      "resolved": "https://registry.npmjs.org/@microsoft/applicationinsights-properties-js/-/applicationinsights-properties-js-2.8.18.tgz",
      "integrity": "sha512-WucPqEzgT20JhjwOPQhgBSal6tlKldUz3c6j5Kpj4Rej95c2vvm1t14lI/p9SvOjZDRK5dMfkuQtvFG7NrUlIA==",
      "license": "MIT",
      "dependencies": {
        "@microsoft/applicationinsights-common": "2.8.18",
        "@microsoft/applicationinsights-core-js": "2.8.18",
        "@microsoft/applicationinsights-shims": "2.0.2",
        "@microsoft/dynamicproto-js": "^1.1.11"
      },
      "peerDependencies": {
        "tslib": "*"
      }
    },
    "node_modules/@microsoft/applicationinsights-shims": {
      "version": "2.0.2",
      "resolved": "https://registry.npmjs.org/@microsoft/applicationinsights-shims/-/applicationinsights-shims-2.0.2.tgz",
      "integrity": "sha512-PoHEgsnmcqruLNHZ/amACqdJ6YYQpED0KSRe6J7gIJTtpZC1FfFU9b1fmDKDKtFoUSrPzEh1qzO3kmRZP0betg==",
      "license": "MIT"
    },
    "node_modules/@microsoft/applicationinsights-web": {
      "version": "2.8.18",
      "resolved": "https://registry.npmjs.org/@microsoft/applicationinsights-web/-/applicationinsights-web-2.8.18.tgz",
      "integrity": "sha512-n6gW9WXr/oHrt2S8waXjYoBqzhPChJNoTPlKm+pwtO3iP+I8dQDuf8Q02RKLgCaWzvEhO/1GSznCECBX0jP+gg==",
      "license": "MIT",
      "dependencies": {
        "@microsoft/applicationinsights-analytics-js": "2.8.18",
        "@microsoft/applicationinsights-channel-js": "2.8.18",
        "@microsoft/applicationinsights-common": "2.8.18",
        "@microsoft/applicationinsights-core-js": "2.8.18",
        "@microsoft/applicationinsights-dependencies-js": "2.8.18",
        "@microsoft/applicationinsights-properties-js": "2.8.18",
        "@microsoft/applicationinsights-shims": "2.0.2",
        "@microsoft/dynamicproto-js": "^1.1.11"
      },
      "peerDependencies": {
        "tslib": "*"
      }
    },
    "node_modules/@microsoft/dynamicproto-js": {
      "version": "1.1.11",
      "resolved": "https://registry.npmjs.org/@microsoft/dynamicproto-js/-/dynamicproto-js-1.1.11.tgz",
      "integrity": "sha512-gNw9z9LbqLV+WadZ6/MMrWwO3e0LuoUH1wve/1iPsBNbgqeVCiB0EZFNNj2lysxS2gkqoF9hmyVaG3MoM1BkxA==",
      "license": "MIT"
    },
    "node_modules/@remix-run/router": {
      "version": "1.23.0",
      "resolved": "https://registry.npmjs.org/@remix-run/router/-/router-1.23.0.tgz",
      "integrity": "sha512-O3rHJzAQKamUz1fvE0Qaw0xSFqsA/yafi2iqeE0pvdFtCO1viYx8QL6f3Ln/aCCTLxs68SLf0KPM9eSeM8yBnA==",
      "license": "MIT",
      "engines": {
        "node": ">=14.0.0"
      }
    },
    "node_modules/@types/node": {
      "version": "22.13.14",
      "resolved": "https://registry.npmjs.org/@types/node/-/node-22.13.14.tgz",
      "integrity": "sha512-Zs/Ollc1SJ8nKUAgc7ivOEdIBM8JAKgrqqUYi2J997JuKO7/tpQC+WCetQ1sypiKCQWHdvdg9wBNpUPEWZae7w==",
      "dev": true,
      "license": "MIT",
      "dependencies": {
        "undici-types": "~6.20.0"
      }
    },
    "node_modules/js-tokens": {
      "version": "4.0.0",
      "resolved": "https://registry.npmjs.org/js-tokens/-/js-tokens-4.0.0.tgz",
      "integrity": "sha512-RdJUflcE3cUzKiMqQgsCu06FPu9UdIJO0beYbPhHN4k6apgJtifcoCtT9bcxOpYBtpD2kCM6Sbzg4CausW/PKQ==",
      "license": "MIT"
    },
    "node_modules/loose-envify": {
      "version": "1.4.0",
      "resolved": "https://registry.npmjs.org/loose-envify/-/loose-envify-1.4.0.tgz",
      "integrity": "sha512-lyuxPGr/Wfhrlem2CL/UcnUc1zcqKAImBDzukY7Y5F/yQiNdko6+fRLevlw1HgMySw7f611UIY408EtxRSoK3Q==",
      "license": "MIT",
      "dependencies": {
        "js-tokens": "^3.0.0 || ^4.0.0"
      },
      "bin": {
        "loose-envify": "cli.js"
      }
    },
    "node_modules/react": {
      "version": "18.3.1",
      "resolved": "https://registry.npmjs.org/react/-/react-18.3.1.tgz",
      "integrity": "sha512-wS+hAgJShR0KhEvPJArfuPVN1+Hz1t0Y6n5jLrGQbkb4urgPE/0Rve+1kMB1v/oWgHgm4WIcV+i7F2pTVj+2iQ==",
      "license": "MIT",
      "dependencies": {
        "loose-envify": "^1.1.0"
      },
      "engines": {
        "node": ">=0.10.0"
      }
    },
    "node_modules/react-dom": {
      "version": "18.3.1",
      "resolved": "https://registry.npmjs.org/react-dom/-/react-dom-18.3.1.tgz",
      "integrity": "sha512-5m4nQKp+rZRb09LNH59GM4BxTh9251/ylbKIbpe7TpGxfJ+9kv6BLkLBXIjjspbgbnIBNqlI23tRnTWT0snUIw==",
      "license": "MIT",
      "dependencies": {
        "loose-envify": "^1.1.0",
        "scheduler": "^0.23.2"
      },
      "peerDependencies": {
        "react": "^18.3.1"
      }
    },
    "node_modules/react-router": {
      "version": "6.30.0",
      "resolved": "https://registry.npmjs.org/react-router/-/react-router-6.30.0.tgz",
      "integrity": "sha512-D3X8FyH9nBcTSHGdEKurK7r8OYE1kKFn3d/CF+CoxbSHkxU7o37+Uh7eAHRXr6k2tSExXYO++07PeXJtA/dEhQ==",
      "license": "MIT",
      "dependencies": {
        "@remix-run/router": "1.23.0"
      },
      "engines": {
        "node": ">=14.0.0"
      },
      "peerDependencies": {
        "react": ">=16.8"
      }
    },
    "node_modules/react-router-dom": {
      "version": "6.30.0",
      "resolved": "https://registry.npmjs.org/react-router-dom/-/react-router-dom-6.30.0.tgz",
      "integrity": "sha512-x30B78HV5tFk8ex0ITwzC9TTZMua4jGyA9IUlH1JLQYQTFyxr/ZxwOJq7evg1JX1qGVUcvhsmQSKdPncQrjTgA==",
      "license": "MIT",
      "dependencies": {
        "@remix-run/router": "1.23.0",
        "react-router": "6.30.0"
      },
      "engines": {
        "node": ">=14.0.0"
      },
      "peerDependencies": {
        "react": ">=16.8",
        "react-dom": ">=16.8"
      }
    },
    "node_modules/scheduler": {
      "version": "0.23.2",
      "resolved": "https://registry.npmjs.org/scheduler/-/scheduler-0.23.2.tgz",
      "integrity": "sha512-UOShsPwz7NrMUqhR6t0hWjFduvOzbtv7toDH1/hIrfRNIDBnnBWd0CwJTGvTpngVlmwGCdP9/Zl/tVrDqcuYzQ==",
      "license": "MIT",
      "dependencies": {
        "loose-envify": "^1.1.0"
      }
    },
    "node_modules/tslib": {
      "version": "2.8.1",
      "resolved": "https://registry.npmjs.org/tslib/-/tslib-2.8.1.tgz",
      "integrity": "sha512-oJFu94HQb+KVduSUQL7wnpmqnfmLsOA/nAh6b6EH0wCEoK0/mPeXU6c3wKDV83MkOuHPRHtSXKKU99IBazS/2w==",
      "license": "0BSD",
      "peer": true
    },
    "node_modules/typescript": {
      "version": "4.9.5",
      "resolved": "https://registry.npmjs.org/typescript/-/typescript-4.9.5.tgz",
      "integrity": "sha512-1FXk9E2Hm+QzZQ7z+McJiHL4NW1F2EzMu9Nq9i3zAaGqibafqYwCVU6WyWAuyQRRzOlxou8xZSyXLEN8oKj24g==",
      "license": "Apache-2.0",
      "bin": {
        "tsc": "bin/tsc",
        "tsserver": "bin/tsserver"
      },
      "engines": {
        "node": ">=4.2.0"
      }
    },
    "node_modules/undici-types": {
      "version": "6.20.0",
      "resolved": "https://registry.npmjs.org/undici-types/-/undici-types-6.20.0.tgz",
      "integrity": "sha512-Ny6QZ2Nju20vw1SRHe3d9jVu6gJ+4e3+MMpqu7pqE5HT6WsTSlce++GQmK5UXS8mzV8DSYHrQH+Xrf2jVcuKNg==",
      "dev": true,
      "license": "MIT"
    }
  }
}
